
Microsoft Visual Studio Solution File, Format Version 12.00
# Visual Studio Version 17
VisualStudioVersion = 17.0.31903.59
MinimumVisualStudioVersion = 10.0.40219.1
Project("{2150E333-8FDC-42A3-9474-1A3956D46DE8}") = "gateway", "gateway", "{E7BDDBC6-9FD1-D1D7-ACD8-2C4F8E3D2461}"
EndProject
Project("{FAE04EC0-301F-11D3-BF4B-00C04F79EFBC}") = "SmartShip.Gateway", "gateway\SmartShip.Gateway\SmartShip.Gateway.csproj", "{E19AB9FC-D239-4E6F-9856-F921BBFF2F6B}"
EndProject
Project("{2150E333-8FDC-42A3-9474-1A3956D46DE8}") = "services", "services", "{5854FF58-B8C5-05C6-5BF2-ACE42193F22B}"
EndProject
Project("{FAE04EC0-301F-11D3-BF4B-00C04F79EFBC}") = "SmartShip.AdminService", "services\SmartShip.AdminService\SmartShip.AdminService.csproj", "{910E1224-E004-4BDC-81A1-6BAF585580B3}"
EndProject
Project("{2150E333-8FDC-42A3-9474-1A3956D46DE8}") = "shared", "shared", "{4F52FD11-658E-A102-6CD3-7D7C16FFA15B}"
EndProject
Project("{FAE04EC0-301F-11D3-BF4B-00C04F79EFBC}") = "SmartShip.Core", "shared\SmartShip.Core\SmartShip.Core.csproj", "{39772656-F827-44FC-8211-5F31125C2A1C}"
EndProject
Project("{FAE04EC0-301F-11D3-BF4B-00C04F79EFBC}") = "SmartShip.Contracts", "shared\SmartShip.Contracts\SmartShip.Contracts.csproj", "{10546CAC-E9FB-41FF-B3E0-D68F48D1984E}"
EndProject
Project("{FAE04EC0-301F-11D3-BF4B-00C04F79EFBC}") = "SmartShip.DocumentService", "services\SmartShip.DocumentService\SmartShip.DocumentService.csproj", "{28D9F847-AF5A-49CE-8FDE-4015B6EBA29F}"
EndProject
Project("{FAE04EC0-301F-11D3-BF4B-00C04F79EFBC}") = "SmartShip.IdentityService", "services\SmartShip.IdentityService\SmartShip.IdentityService.csproj", "{087D40FE-5CCE-460A-9F75-7984AA10EC37}"
EndProject
Project("{FAE04EC0-301F-11D3-BF4B-00C04F79EFBC}") = "SmartShip.ShipmentService", "services\SmartShip.ShipmentService\SmartShip.ShipmentService.csproj", "{7F37663F-410C-49A4-B5E8-57DDD8BDB018}"
EndProject
Project("{FAE04EC0-301F-11D3-BF4B-00C04F79EFBC}") = "SmartShip.TrackingService", "services\SmartShip.TrackingService\SmartShip.TrackingService.csproj", "{DFAEFA7A-E520-4A84-BB9F-CC9870A01A14}"
EndProject
Global
	GlobalSection(SolutionConfigurationPlatforms) = preSolution
		Debug|Any CPU = Debug|Any CPU
		Debug|x64 = Debug|x64
		Debug|x86 = Debug|x86
		Release|Any CPU = Release|Any CPU
		Release|x64 = Release|x64
		Release|x86 = Release|x86
	EndGlobalSection
	GlobalSection(ProjectConfigurationPlatforms) = postSolution
		{E19AB9FC-D239-4E6F-9856-F921BBFF2F6B}.Debug|Any CPU.ActiveCfg = Debug|Any CPU
		{E19AB9FC-D239-4E6F-9856-F921BBFF2F6B}.Debug|Any CPU.Build.0 = Debug|Any CPU
		{E19AB9FC-D239-4E6F-9856-F921BBFF2F6B}.Debug|x64.ActiveCfg = Debug|Any CPU
		{E19AB9FC-D239-4E6F-9856-F921BBFF2F6B}.Debug|x64.Build.0 = Debug|Any CPU
		{E19AB9FC-D239-4E6F-9856-F921BBFF2F6B}.Debug|x86.ActiveCfg = Debug|Any CPU
		{E19AB9FC-D239-4E6F-9856-F921BBFF2F6B}.Debug|x86.Build.0 = Debug|Any CPU
		{E19AB9FC-D239-4E6F-9856-F921BBFF2F6B}.Release|Any CPU.ActiveCfg = Release|Any CPU
		{E19AB9FC-D239-4E6F-9856-F921BBFF2F6B}.Release|Any CPU.Build.0 = Release|Any CPU
		{E19AB9FC-D239-4E6F-9856-F921BBFF2F6B}.Release|x64.ActiveCfg = Release|Any CPU
		{E19AB9FC-D239-4E6F-9856-F921BBFF2F6B}.Release|x64.Build.0 = Release|Any CPU
		{E19AB9FC-D239-4E6F-9856-F921BBFF2F6B}.Release|x86.ActiveCfg = Release|Any CPU
		{E19AB9FC-D239-4E6F-9856-F921BBFF2F6B}.Release|x86.Build.0 = Release|Any CPU
		{910E1224-E004-4BDC-81A1-6BAF585580B3}.Debug|Any CPU.ActiveCfg = Debug|Any CPU
		{910E1224-E004-4BDC-81A1-6BAF585580B3}.Debug|Any CPU.Build.0 = Debug|Any CPU
		{910E1224-E004-4BDC-81A1-6BAF585580B3}.Debug|x64.ActiveCfg = Debug|Any CPU
		{910E1224-E004-4BDC-81A1-6BAF585580B3}.Debug|x64.Build.0 = Debug|Any CPU
		{910E1224-E004-4BDC-81A1-6BAF585580B3}.Debug|x86.ActiveCfg = Debug|Any CPU
		{910E1224-E004-4BDC-81A1-6BAF585580B3}.Debug|x86.Build.0 = Debug|Any CPU
		{910E1224-E004-4BDC-81A1-6BAF585580B3}.Release|Any CPU.ActiveCfg = Release|Any CPU
		{910E1224-E004-4BDC-81A1-6BAF585580B3}.Release|Any CPU.Build.0 = Release|Any CPU
		{910E1224-E004-4BDC-81A1-6BAF585580B3}.Release|x64.ActiveCfg = Release|Any CPU
		{910E1224-E004-4BDC-81A1-6BAF585580B3}.Release|x64.Build.0 = Release|Any CPU
		{910E1224-E004-4BDC-81A1-6BAF585580B3}.Release|x86.ActiveCfg = Release|Any CPU
		{910E1224-E004-4BDC-81A1-6BAF585580B3}.Release|x86.Build.0 = Release|Any CPU
		{39772656-F827-44FC-8211-5F31125C2A1C}.Debug|Any CPU.ActiveCfg = Debug|Any CPU
		{39772656-F827-44FC-8211-5F31125C2A1C}.Debug|Any CPU.Build.0 = Debug|Any CPU
		{39772656-F827-44FC-8211-5F31125C2A1C}.Debug|x64.ActiveCfg = Debug|Any CPU
		{39772656-F827-44FC-8211-5F31125C2A1C}.Debug|x64.Build.0 = Debug|Any CPU
		{39772656-F827-44FC-8211-5F31125C2A1C}.Debug|x86.ActiveCfg = Debug|Any CPU
		{39772656-F827-44FC-8211-5F31125C2A1C}.Debug|x86.Build.0 = Debug|Any CPU
		{39772656-F827-44FC-8211-5F31125C2A1C}.Release|Any CPU.ActiveCfg = Release|Any CPU
		{39772656-F827-44FC-8211-5F31125C2A1C}.Release|Any CPU.Build.0 = Release|Any CPU
		{39772656-F827-44FC-8211-5F31125C2A1C}.Release|x64.ActiveCfg = Release|Any CPU
		{39772656-F827-44FC-8211-5F31125C2A1C}.Release|x64.Build.0 = Release|Any CPU
		{39772656-F827-44FC-8211-5F31125C2A1C}.Release|x86.ActiveCfg = Release|Any CPU
		{39772656-F827-44FC-8211-5F31125C2A1C}.Release|x86.Build.0 = Release|Any CPU
		{10546CAC-E9FB-41FF-B3E0-D68F48D1984E}.Debug|Any CPU.ActiveCfg = Debug|Any CPU
		{10546CAC-E9FB-41FF-B3E0-D68F48D1984E}.Debug|Any CPU.Build.0 = Debug|Any CPU
		{10546CAC-E9FB-41FF-B3E0-D68F48D1984E}.Debug|x64.ActiveCfg = Debug|Any CPU
		{10546CAC-E9FB-41FF-B3E0-D68F48D1984E}.Debug|x64.Build.0 = Debug|Any CPU
		{10546CAC-E9FB-41FF-B3E0-D68F48D1984E}.Debug|x86.ActiveCfg = Debug|Any CPU
		{10546CAC-E9FB-41FF-B3E0-D68F48D1984E}.Debug|x86.Build.0 = Debug|Any CPU
		{10546CAC-E9FB-41FF-B3E0-D68F48D1984E}.Release|Any CPU.ActiveCfg = Release|Any CPU
		{10546CAC-E9FB-41FF-B3E0-D68F48D1984E}.Release|Any CPU.Build.0 = Release|Any CPU
		{10546CAC-E9FB-41FF-B3E0-D68F48D1984E}.Release|x64.ActiveCfg = Release|Any CPU
		{10546CAC-E9FB-41FF-B3E0-D68F48D1984E}.Release|x64.Build.0 = Release|Any CPU
		{10546CAC-E9FB-41FF-B3E0-D68F48D1984E}.Release|x86.ActiveCfg = Release|Any CPU
		{10546CAC-E9FB-41FF-B3E0-D68F48D1984E}.Release|x86.Build.0 = Release|Any CPU
		{28D9F847-AF5A-49CE-8FDE-4015B6EBA29F}.Debug|Any CPU.ActiveCfg = Debug|Any CPU
		{28D9F847-AF5A-49CE-8FDE-4015B6EBA29F}.Debug|Any CPU.Build.0 = Debug|Any CPU
		{28D9F847-AF5A-49CE-8FDE-4015B6EBA29F}.Debug|x64.ActiveCfg = Debug|Any CPU
		{28D9F847-AF5A-49CE-8FDE-4015B6EBA29F}.Debug|x64.Build.0 = Debug|Any CPU
		{28D9F847-AF5A-49CE-8FDE-4015B6EBA29F}.Debug|x86.ActiveCfg = Debug|Any CPU
		{28D9F847-AF5A-49CE-8FDE-4015B6EBA29F}.Debug|x86.Build.0 = Debug|Any CPU
		{28D9F847-AF5A-49CE-8FDE-4015B6EBA29F}.Release|Any CPU.ActiveCfg = Release|Any CPU
		{28D9F847-AF5A-49CE-8FDE-4015B6EBA29F}.Release|Any CPU.Build.0 = Release|Any CPU
		{28D9F847-AF5A-49CE-8FDE-4015B6EBA29F}.Release|x64.ActiveCfg = Release|Any CPU
		{28D9F847-AF5A-49CE-8FDE-4015B6EBA29F}.Release|x64.Build.0 = Release|Any CPU
		{28D9F847-AF5A-49CE-8FDE-4015B6EBA29F}.Release|x86.ActiveCfg = Release|Any CPU
		{28D9F847-AF5A-49CE-8FDE-4015B6EBA29F}.Release|x86.Build.0 = Release|Any CPU
		{087D40FE-5CCE-460A-9F75-7984AA10EC37}.Debug|Any CPU.ActiveCfg = Debug|Any CPU
		{087D40FE-5CCE-460A-9F75-7984AA10EC37}.Debug|Any CPU.Build.0 = Debug|Any CPU
		{087D40FE-5CCE-460A-9F75-7984AA10EC37}.Debug|x64.ActiveCfg = Debug|Any CPU
		{087D40FE-5CCE-460A-9F75-7984AA10EC37}.Debug|x64.Build.0 = Debug|Any CPU
		{087D40FE-5CCE-460A-9F75-7984AA10EC37}.Debug|x86.ActiveCfg = Debug|Any CPU
		{087D40FE-5CCE-460A-9F75-7984AA10EC37}.Debug|x86.Build.0 = Debug|Any CPU
		{087D40FE-5CCE-460A-9F75-7984AA10EC37}.Release|Any CPU.ActiveCfg = Release|Any CPU
		{087D40FE-5CCE-460A-9F75-7984AA10EC37}.Release|Any CPU.Build.0 = Release|Any CPU
		{087D40FE-5CCE-460A-9F75-7984AA10EC37}.Release|x64.ActiveCfg = Release|Any CPU
		{087D40FE-5CCE-460A-9F75-7984AA10EC37}.Release|x64.Build.0 = Release|Any CPU
		{087D40FE-5CCE-460A-9F75-7984AA10EC37}.Release|x86.ActiveCfg = Release|Any CPU
		{087D40FE-5CCE-460A-9F75-7984AA10EC37}.Release|x86.Build.0 = Release|Any CPU
		{7F37663F-410C-49A4-B5E8-57DDD8BDB018}.Debug|Any CPU.ActiveCfg = Debug|Any CPU
		{7F37663F-410C-49A4-B5E8-57DDD8BDB018}.Debug|Any CPU.Build.0 = Debug|Any CPU
		{7F37663F-410C-49A4-B5E8-57DDD8BDB018}.Debug|x64.ActiveCfg = Debug|Any CPU
		{7F37663F-410C-49A4-B5E8-57DDD8BDB018}.Debug|x64.Build.0 = Debug|Any CPU
		{7F37663F-410C-49A4-B5E8-57DDD8BDB018}.Debug|x86.ActiveCfg = Debug|Any CPU
		{7F37663F-410C-49A4-B5E8-57DDD8BDB018}.Debug|x86.Build.0 = Debug|Any CPU
		{7F37663F-410C-49A4-B5E8-57DDD8BDB018}.Release|Any CPU.ActiveCfg = Release|Any CPU
		{7F37663F-410C-49A4-B5E8-57DDD8BDB018}.Release|Any CPU.Build.0 = Release|Any CPU
		{7F37663F-410C-49A4-B5E8-57DDD8BDB018}.Release|x64.ActiveCfg = Release|Any CPU
		{7F37663F-410C-49A4-B5E8-57DDD8BDB018}.Release|x64.Build.0 = Release|Any CPU
		{7F37663F-410C-49A4-B5E8-57DDD8BDB018}.Release|x86.ActiveCfg = Release|Any CPU
		{7F37663F-410C-49A4-B5E8-57DDD8BDB018}.Release|x86.Build.0 = Release|Any CPU
		{DFAEFA7A-E520-4A84-BB9F-CC9870A01A14}.Debug|Any CPU.ActiveCfg = Debug|Any CPU
		{DFAEFA7A-E520-4A84-BB9F-CC9870A01A14}.Debug|Any CPU.Build.0 = Debug|Any CPU
		{DFAEFA7A-E520-4A84-BB9F-CC9870A01A14}.Debug|x64.ActiveCfg = Debug|Any CPU
		{DFAEFA7A-E520-4A84-BB9F-CC9870A01A14}.Debug|x64.Build.0 = Debug|Any CPU
		{DFAEFA7A-E520-4A84-BB9F-CC9870A01A14}.Debug|x86.ActiveCfg = Debug|Any CPU
		{DFAEFA7A-E520-4A84-BB9F-CC9870A01A14}.Debug|x86.Build.0 = Debug|Any CPU
		{DFAEFA7A-E520-4A84-BB9F-CC9870A01A14}.Release|Any CPU.ActiveCfg = Release|Any CPU
		{DFAEFA7A-E520-4A84-BB9F-CC9870A01A14}.Release|Any CPU.Build.0 = Release|Any CPU
		{DFAEFA7A-E520-4A84-BB9F-CC9870A01A14}.Release|x64.ActiveCfg = Release|Any CPU
		{DFAEFA7A-E520-4A84-BB9F-CC9870A01A14}.Release|x64.Build.0 = Release|Any CPU
		{DFAEFA7A-E520-4A84-BB9F-CC9870A01A14}.Release|x86.ActiveCfg = Release|Any CPU
		{DFAEFA7A-E520-4A84-BB9F-CC9870A01A14}.Release|x86.Build.0 = Release|Any CPU
	EndGlobalSection
	GlobalSection(SolutionProperties) = preSolution
		HideSolutionNode = FALSE
	EndGlobalSection
	GlobalSection(NestedProjects) = preSolution
		{E19AB9FC-D239-4E6F-9856-F921BBFF2F6B} = {E7BDDBC6-9FD1-D1D7-ACD8-2C4F8E3D2461}
		{910E1224-E004-4BDC-81A1-6BAF585580B3} = {5854FF58-B8C5-05C6-5BF2-ACE42193F22B}
		{39772656-F827-44FC-8211-5F31125C2A1C} = {4F52FD11-658E-A102-6CD3-7D7C16FFA15B}
		{10546CAC-E9FB-41FF-B3E0-D68F48D1984E} = {4F52FD11-658E-A102-6CD3-7D7C16FFA15B}
		{28D9F847-AF5A-49CE-8FDE-4015B6EBA29F} = {5854FF58-B8C5-05C6-5BF2-ACE42193F22B}
		{087D40FE-5CCE-460A-9F75-7984AA10EC37} = {5854FF58-B8C5-05C6-5BF2-ACE42193F22B}
		{7F37663F-410C-49A4-B5E8-57DDD8BDB018} = {5854FF58-B8C5-05C6-5BF2-ACE42193F22B}
		{DFAEFA7A-E520-4A84-BB9F-CC9870A01A14} = {5854FF58-B8C5-05C6-5BF2-ACE42193F22B}
	EndGlobalSection
EndGlobal
